
Microsoft Visual Studio Solution File, Format Version 12.00
# Visual Studio Version 17
VisualStudioVersion = 17.11.35111.106
MinimumVisualStudioVersion = 10.0.40219.1
Project("{FAE04EC0-301F-11D3-BF4B-00C04F79EFBC}") = "Quantum Bookstore", "Quantum Bookstore\Quantum Bookstore.csproj", "{0920C93D-A7F5-42A0-BB90-C60955BC4AEF}"
EndProject
Global
	GlobalSection(SolutionConfigurationPlatforms) = preSolution
		Debug|Any CPU = Debug|Any CPU
		Release|Any CPU = Release|Any CPU
	EndGlobalSection
	GlobalSection(ProjectConfigurationPlatforms) = postSolution
		{0920C93D-A7F5-42A0-BB90-C60955BC4AEF}.Debug|Any CPU.ActiveCfg = Debug|Any CPU
		{0920C93D-A7F5-42A0-BB90-C60955BC4AEF}.Debug|Any CPU.Build.0 = Debug|Any CPU
		{0920C93D-A7F5-42A0-BB90-C60955BC4AEF}.Release|Any CPU.ActiveCfg = Release|Any CPU
		{0920C93D-A7F5-42A0-BB90-C60955BC4AEF}.Release|Any CPU.Build.0 = Release|Any CPU
	EndGlobalSection
	GlobalSection(SolutionProperties) = preSolution
		HideSolutionNode = FALSE
	EndGlobalSection
	GlobalSection(ExtensibilityGlobals) = postSolution
		SolutionGuid = {54A4099F-1432-4BE5-8CD5-754896D3AB33}
	EndGlobalSection
EndGlobal
